
Microsoft Visual Studio Solution File, Format Version 12.00
# Visual Studio Version 16
VisualStudioVersion = 16.0.31321.278
MinimumVisualStudioVersion = 10.0.40219.1
Project("{FAE04EC0-301F-11D3-BF4B-00C04F79EFBC}") = "HelloWorld", "HelloWorld.csproj", "{4AC558FF-EDFD-4184-8962-2581EC99A471}"
EndProject
Global
	GlobalSection(SolutionConfigurationPlatforms) = preSolution
		Debug|Any CPU = Debug|Any CPU
		Release|Any CPU = Release|Any CPU
	EndGlobalSection
	GlobalSection(ProjectConfigurationPlatforms) = postSolution
		{4AC558FF-EDFD-4184-8962-2581EC99A471}.Debug|Any CPU.ActiveCfg = Debug|Any CPU
		{4AC558FF-EDFD-4184-8962-2581EC99A471}.Debug|Any CPU.Build.0 = Debug|Any CPU
		{4AC558FF-EDFD-4184-8962-2581EC99A471}.Release|Any CPU.ActiveCfg = Release|Any CPU
		{4AC558FF-EDFD-4184-8962-2581EC99A471}.Release|Any CPU.Build.0 = Release|Any CPU
	EndGlobalSection
	GlobalSection(SolutionProperties) = preSolution
		HideSolutionNode = FALSE
	EndGlobalSection
	GlobalSection(ExtensibilityGlobals) = postSolution
		SolutionGuid = {39E012BE-CE5A-47EF-BB39-4BBF7B87B69D}
	EndGlobalSection
EndGlobal
