
Microsoft Visual Studio Solution File, Format Version 12.00
# Visual Studio Version 16
VisualStudioVersion = 16.0.31321.278
MinimumVisualStudioVersion = 10.0.40219.1
Project("{FAE04EC0-301F-11D3-BF4B-00C04F79EFBC}") = "ConsoleApp", "ConsoleApp.csproj", "{0736F17C-5C95-44AC-B47C-0158764CEDDA}"
EndProject
Global
	GlobalSection(SolutionConfigurationPlatforms) = preSolution
		Debug|Any CPU = Debug|Any CPU
		Release|Any CPU = Release|Any CPU
	EndGlobalSection
	GlobalSection(ProjectConfigurationPlatforms) = postSolution
		{0736F17C-5C95-44AC-B47C-0158764CEDDA}.Debug|Any CPU.ActiveCfg = Debug|Any CPU
		{0736F17C-5C95-44AC-B47C-0158764CEDDA}.Debug|Any CPU.Build.0 = Debug|Any CPU
		{0736F17C-5C95-44AC-B47C-0158764CEDDA}.Release|Any CPU.ActiveCfg = Release|Any CPU
		{0736F17C-5C95-44AC-B47C-0158764CEDDA}.Release|Any CPU.Build.0 = Release|Any CPU
	EndGlobalSection
	GlobalSection(SolutionProperties) = preSolution
		HideSolutionNode = FALSE
	EndGlobalSection
	GlobalSection(ExtensibilityGlobals) = postSolution
		SolutionGuid = {5EAB9C4F-04FE-4D09-861A-5A8ED08CDFC5}
	EndGlobalSection
EndGlobal
